
Microsoft Visual Studio Solution File, Format Version 12.00
# Visual Studio Version 17
VisualStudioVersion = 17.14.36616.10 d17.14
MinimumVisualStudioVersion = 10.0.40219.1
Project("{FAE04EC0-301F-11D3-BF4B-00C04F79EFBC}") = "MusMux", "MusMux\MusMux.csproj", "{D139F721-5691-436C-AF26-68C49CDFE650}"
EndProject
Global
	GlobalSection(SolutionConfigurationPlatforms) = preSolution
		Debug|ARM64 = Debug|ARM64
		Debug|x64 = Debug|x64
		Debug|x86 = Debug|x86
		Release|ARM64 = Release|ARM64
		Release|x64 = Release|x64
		Release|x86 = Release|x86
	EndGlobalSection
	GlobalSection(ProjectConfigurationPlatforms) = postSolution
		{D139F721-5691-436C-AF26-68C49CDFE650}.Debug|ARM64.ActiveCfg = Debug|ARM64
		{D139F721-5691-436C-AF26-68C49CDFE650}.Debug|ARM64.Build.0 = Debug|ARM64
		{D139F721-5691-436C-AF26-68C49CDFE650}.Debug|ARM64.Deploy.0 = Debug|ARM64
		{D139F721-5691-436C-AF26-68C49CDFE650}.Debug|x64.ActiveCfg = Debug|x64
		{D139F721-5691-436C-AF26-68C49CDFE650}.Debug|x64.Build.0 = Debug|x64
		{D139F721-5691-436C-AF26-68C49CDFE650}.Debug|x64.Deploy.0 = Debug|x64
		{D139F721-5691-436C-AF26-68C49CDFE650}.Debug|x86.ActiveCfg = Debug|x86
		{D139F721-5691-436C-AF26-68C49CDFE650}.Debug|x86.Build.0 = Debug|x86
		{D139F721-5691-436C-AF26-68C49CDFE650}.Debug|x86.Deploy.0 = Debug|x86
		{D139F721-5691-436C-AF26-68C49CDFE650}.Release|ARM64.ActiveCfg = Release|ARM64
		{D139F721-5691-436C-AF26-68C49CDFE650}.Release|ARM64.Build.0 = Release|ARM64
		{D139F721-5691-436C-AF26-68C49CDFE650}.Release|ARM64.Deploy.0 = Release|ARM64
		{D139F721-5691-436C-AF26-68C49CDFE650}.Release|x64.ActiveCfg = Release|x64
		{D139F721-5691-436C-AF26-68C49CDFE650}.Release|x64.Build.0 = Release|x64
		{D139F721-5691-436C-AF26-68C49CDFE650}.Release|x64.Deploy.0 = Release|x64
		{D139F721-5691-436C-AF26-68C49CDFE650}.Release|x86.ActiveCfg = Release|x86
		{D139F721-5691-436C-AF26-68C49CDFE650}.Release|x86.Build.0 = Release|x86
		{D139F721-5691-436C-AF26-68C49CDFE650}.Release|x86.Deploy.0 = Release|x86
	EndGlobalSection
	GlobalSection(SolutionProperties) = preSolution
		HideSolutionNode = FALSE
	EndGlobalSection
	GlobalSection(ExtensibilityGlobals) = postSolution
		SolutionGuid = {57021AA4-2303-43EA-B8F6-A26B47C314D5}
	EndGlobalSection
EndGlobal
